
Microsoft Visual Studio Solution File, Format Version 12.00
# Visual Studio Version 17
VisualStudioVersion = 17.0.32112.339
MinimumVisualStudioVersion = 10.0.40219.1
Project("{9A19103F-16F7-4668-BE54-9A1E7A4F7556}") = "Bot_AthenaUnesp", "Bot_AthenaUnesp.csproj", "{281C044E-5430-4D1A-B014-C01301A4635E}"
EndProject
Project("{9A19103F-16F7-4668-BE54-9A1E7A4F7556}") = "Bot_AthenaUnesp_Domain", "..\Bot_AthenaUnesp\Bot_AthenaUnesp_Domain.csproj", "{AB11632C-5308-47DD-9A01-22A2861DF683}"
EndProject
Global
	GlobalSection(SolutionConfigurationPlatforms) = preSolution
		Debug|Any CPU = Debug|Any CPU
		Release|Any CPU = Release|Any CPU
	EndGlobalSection
	GlobalSection(ProjectConfigurationPlatforms) = postSolution
		{281C044E-5430-4D1A-B014-C01301A4635E}.Debug|Any CPU.ActiveCfg = Debug|Any CPU
		{281C044E-5430-4D1A-B014-C01301A4635E}.Debug|Any CPU.Build.0 = Debug|Any CPU
		{281C044E-5430-4D1A-B014-C01301A4635E}.Release|Any CPU.ActiveCfg = Release|Any CPU
		{281C044E-5430-4D1A-B014-C01301A4635E}.Release|Any CPU.Build.0 = Release|Any CPU
		{AB11632C-5308-47DD-9A01-22A2861DF683}.Debug|Any CPU.ActiveCfg = Debug|Any CPU
		{AB11632C-5308-47DD-9A01-22A2861DF683}.Debug|Any CPU.Build.0 = Debug|Any CPU
		{AB11632C-5308-47DD-9A01-22A2861DF683}.Release|Any CPU.ActiveCfg = Release|Any CPU
		{AB11632C-5308-47DD-9A01-22A2861DF683}.Release|Any CPU.Build.0 = Release|Any CPU
	EndGlobalSection
	GlobalSection(SolutionProperties) = preSolution
		HideSolutionNode = FALSE
	EndGlobalSection
	GlobalSection(ExtensibilityGlobals) = postSolution
		SolutionGuid = {5E70DDFF-0621-4FAA-BB0F-9A19C3E9F621}
	EndGlobalSection
EndGlobal
